
Microsoft Visual Studio Solution File, Format Version 12.00
# Visual Studio Version 17
VisualStudioVersion = 17.2.32519.379
MinimumVisualStudioVersion = 10.0.40219.1
Project("{FAE04EC0-301F-11D3-BF4B-00C04F79EFBC}") = "кафе", "кафе\кафе.csproj", "{0440A087-D2FE-42E7-A8CC-54EC365ACED2}"
EndProject
Global
	GlobalSection(SolutionConfigurationPlatforms) = preSolution
		Debug|Any CPU = Debug|Any CPU
		Release|Any CPU = Release|Any CPU
	EndGlobalSection
	GlobalSection(ProjectConfigurationPlatforms) = postSolution
		{0440A087-D2FE-42E7-A8CC-54EC365ACED2}.Debug|Any CPU.ActiveCfg = Debug|Any CPU
		{0440A087-D2FE-42E7-A8CC-54EC365ACED2}.Debug|Any CPU.Build.0 = Debug|Any CPU
		{0440A087-D2FE-42E7-A8CC-54EC365ACED2}.Release|Any CPU.ActiveCfg = Release|Any CPU
		{0440A087-D2FE-42E7-A8CC-54EC365ACED2}.Release|Any CPU.Build.0 = Release|Any CPU
	EndGlobalSection
	GlobalSection(SolutionProperties) = preSolution
		HideSolutionNode = FALSE
	EndGlobalSection
	GlobalSection(ExtensibilityGlobals) = postSolution
		SolutionGuid = {641B3155-0276-4C7F-BA82-649F8560D667}
	EndGlobalSection
EndGlobal
